// !$*UTF8*$!
{
	archiveVersion = 1;
	classes = {
	};
	objectVersion = 56;
	objects = {

/* Begin PBXBuildFile section */
		17740FAE2989D12300965408 /* EcommerceAppKitApp.swift in Sources */ = {isa = PBXBuildFile; fileRef = 17740FAD2989D12300965408 /* EcommerceAppKitApp.swift */; };
		17740FB02989D12300965408 /* ContentView.swift in Sources */ = {isa = PBXBuildFile; fileRef = 17740FAF2989D12300965408 /* ContentView.swift */; };
		17740FB22989D12400965408 /* Assets.xcassets in Resources */ = {isa = PBXBuildFile; fileRef = 17740FB12989D12400965408 /* Assets.xcassets */; };
		17740FB52989D12400965408 /* Preview Assets.xcassets in Resources */ = {isa = PBXBuildFile; fileRef = 17740FB42989D12400965408 /* Preview Assets.xcassets */; };
		17740FBE2989D31700965408 /* Raleway-Bold.ttf in Resources */ = {isa = PBXBuildFile; fileRef = 17740FBC2989D31700965408 /* Raleway-Bold.ttf */; };
		17740FBF2989D31700965408 /* Raleway-SemiBold.ttf in Resources */ = {isa = PBXBuildFile; fileRef = 17740FBD2989D31700965408 /* Raleway-SemiBold.ttf */; };
		17740FC12989D32B00965408 /* Raleway-Regular.ttf in Resources */ = {isa = PBXBuildFile; fileRef = 17740FC02989D32B00965408 /* Raleway-Regular.ttf */; };
		17740FC52989D54600965408 /* OnBoardingPage.swift in Sources */ = {isa = PBXBuildFile; fileRef = 17740FC42989D54600965408 /* OnBoardingPage.swift */; };
		17740FC72989E05900965408 /* LoginPage.swift in Sources */ = {isa = PBXBuildFile; fileRef = 17740FC62989E05900965408 /* LoginPage.swift */; };
		17740FCA2989E0C300965408 /* LoginPageModel.swift in Sources */ = {isa = PBXBuildFile; fileRef = 17740FC92989E0C300965408 /* LoginPageModel.swift */; };
		17EDE875298B1E8B0078DAC6 /* CustomCorners.swift in Sources */ = {isa = PBXBuildFile; fileRef = 17EDE874298B1E8B0078DAC6 /* CustomCorners.swift */; };
/* End PBXBuildFile section */

/* Begin PBXFileReference section */
		17740FAA2989D12300965408 /* EcommerceAppKit.app */ = {isa = PBXFileReference; explicitFileType = wrapper.application; includeInIndex = 0; path = EcommerceAppKit.app; sourceTree = BUILT_PRODUCTS_DIR; };
		17740FAD2989D12300965408 /* EcommerceAppKitApp.swift */ = {isa = PBXFileReference; lastKnownFileType = sourcecode.swift; path = EcommerceAppKitApp.swift; sourceTree = "<group>"; };
		17740FAF2989D12300965408 /* ContentView.swift */ = {isa = PBXFileReference; lastKnownFileType = sourcecode.swift; path = ContentView.swift; sourceTree = "<group>"; };
		17740FB12989D12400965408 /* Assets.xcassets */ = {isa = PBXFileReference; lastKnownFileType = folder.assetcatalog; path = Assets.xcassets; sourceTree = "<group>"; };
		17740FB42989D12400965408 /* Preview Assets.xcassets */ = {isa = PBXFileReference; lastKnownFileType = folder.assetcatalog; path = "Preview Assets.xcassets"; sourceTree = "<group>"; };
		17740FBC2989D31700965408 /* Raleway-Bold.ttf */ = {isa = PBXFileReference; lastKnownFileType = file; name = "Raleway-Bold.ttf"; path = "../../../../Downloads/Raleway/static/Raleway-Bold.ttf"; sourceTree = "<group>"; };
		17740FBD2989D31700965408 /* Raleway-SemiBold.ttf */ = {isa = PBXFileReference; lastKnownFileType = file; name = "Raleway-SemiBold.ttf"; path = "../../../../Downloads/Raleway/static/Raleway-SemiBold.ttf"; sourceTree = "<group>"; };
		17740FC02989D32B00965408 /* Raleway-Regular.ttf */ = {isa = PBXFileReference; lastKnownFileType = file; name = "Raleway-Regular.ttf"; path = "../../../../Downloads/Raleway/static/Raleway-Regular.ttf"; sourceTree = "<group>"; };
		17740FC22989D3B200965408 /* Info.plist */ = {isa = PBXFileReference; lastKnownFileType = text.plist; path = Info.plist; sourceTree = "<group>"; };
		17740FC42989D54600965408 /* OnBoardingPage.swift */ = {isa = PBXFileReference; lastKnownFileType = sourcecode.swift; path = OnBoardingPage.swift; sourceTree = "<group>"; };
		17740FC62989E05900965408 /* LoginPage.swift */ = {isa = PBXFileReference; lastKnownFileType = sourcecode.swift; path = LoginPage.swift; sourceTree = "<group>"; };
		17740FC92989E0C300965408 /* LoginPageModel.swift */ = {isa = PBXFileReference; lastKnownFileType = sourcecode.swift; path = LoginPageModel.swift; sourceTree = "<group>"; };
		17EDE874298B1E8B0078DAC6 /* CustomCorners.swift */ = {isa = PBXFileReference; lastKnownFileType = sourcecode.swift; path = CustomCorners.swift; sourceTree = "<group>"; };
/* End PBXFileReference section */

/* Begin PBXFrameworksBuildPhase section */
		17740FA72989D12300965408 /* Frameworks */ = {
			isa = PBXFrameworksBuildPhase;
			buildActionMask = 2147483647;
			files = (
			);
			runOnlyForDeploymentPostprocessing = 0;
		};
/* End PBXFrameworksBuildPhase section */

/* Begin PBXGroup section */
		17740FA12989D12300965408 = {
			isa = PBXGroup;
			children = (
				17740FAC2989D12300965408 /* EcommerceAppKit */,
				17740FAB2989D12300965408 /* Products */,
			);
			sourceTree = "<group>";
		};
		17740FAB2989D12300965408 /* Products */ = {
			isa = PBXGroup;
			children = (
				17740FAA2989D12300965408 /* EcommerceAppKit.app */,
			);
			name = Products;
			sourceTree = "<group>";
		};
		17740FAC2989D12300965408 /* EcommerceAppKit */ = {
			isa = PBXGroup;
			children = (
				17740FC22989D3B200965408 /* Info.plist */,
				17740FC82989E0A000965408 /* ViewModel */,
				17740FC32989D52000965408 /* View */,
				17740FBB2989D2C800965408 /* Font */,
				17740FAD2989D12300965408 /* EcommerceAppKitApp.swift */,
				17740FAF2989D12300965408 /* ContentView.swift */,
				17740FB12989D12400965408 /* Assets.xcassets */,
				17740FB32989D12400965408 /* Preview Content */,
			);
			path = EcommerceAppKit;
			sourceTree = "<group>";
		};
		17740FB32989D12400965408 /* Preview Content */ = {
			isa = PBXGroup;
			children = (
				17740FB42989D12400965408 /* Preview Assets.xcassets */,
			);
			path = "Preview Content";
			sourceTree = "<group>";
		};
		17740FBB2989D2C800965408 /* Font */ = {
			isa = PBXGroup;
			children = (
				17740FBC2989D31700965408 /* Raleway-Bold.ttf */,
				17740FBD2989D31700965408 /* Raleway-SemiBold.ttf */,
				17740FC02989D32B00965408 /* Raleway-Regular.ttf */,
			);
			path = Font;
			sourceTree = "<group>";
		};
		17740FC32989D52000965408 /* View */ = {
			isa = PBXGroup;
			children = (
				17740FC42989D54600965408 /* OnBoardingPage.swift */,
				17740FC62989E05900965408 /* LoginPage.swift */,
				17EDE874298B1E8B0078DAC6 /* CustomCorners.swift */,
			);
			path = View;
			sourceTree = "<group>";
		};
		17740FC82989E0A000965408 /* ViewModel */ = {
			isa = PBXGroup;
			children = (
				17740FC92989E0C300965408 /* LoginPageModel.swift */,
			);
			path = ViewModel;
			sourceTree = "<group>";
		};
/* End PBXGroup section */

/* Begin PBXNativeTarget section */
		17740FA92989D12300965408 /* EcommerceAppKit */ = {
			isa = PBXNativeTarget;
			buildConfigurationList = 17740FB82989D12400965408 /* Build configuration list for PBXNativeTarget "EcommerceAppKit" */;
			buildPhases = (
				17740FA62989D12300965408 /* Sources */,
				17740FA72989D12300965408 /* Frameworks */,
				17740FA82989D12300965408 /* Resources */,
			);
			buildRules = (
			);
			dependencies = (
			);
			name = EcommerceAppKit;
			productName = EcommerceAppKit;
			productReference = 17740FAA2989D12300965408 /* EcommerceAppKit.app */;
			productType = "com.apple.product-type.application";
		};
/* End PBXNativeTarget section */

/* Begin PBXProject section */
		17740FA22989D12300965408 /* Project object */ = {
			isa = PBXProject;
			attributes = {
				BuildIndependentTargetsInParallel = 1;
				LastSwiftUpdateCheck = 1420;
				LastUpgradeCheck = 1420;
				TargetAttributes = {
					17740FA92989D12300965408 = {
						CreatedOnToolsVersion = 14.2;
					};
				};
			};
			buildConfigurationList = 17740FA52989D12300965408 /* Build configuration list for PBXProject "EcommerceAppKit" */;
			compatibilityVersion = "Xcode 14.0";
			developmentRegion = en;
			hasScannedForEncodings = 0;
			knownRegions = (
				en,
				Base,
			);
			mainGroup = 17740FA12989D12300965408;
			productRefGroup = 17740FAB2989D12300965408 /* Products */;
			projectDirPath = "";
			projectRoot = "";
			targets = (
				17740FA92989D12300965408 /* EcommerceAppKit */,
			);
		};
/* End PBXProject section */

/* Begin PBXResourcesBuildPhase section */
		17740FA82989D12300965408 /* Resources */ = {
			isa = PBXResourcesBuildPhase;
			buildActionMask = 2147483647;
			files = (
				17740FB52989D12400965408 /* Preview Assets.xcassets in Resources */,
				17740FC12989D32B00965408 /* Raleway-Regular.ttf in Resources */,
				17740FBF2989D31700965408 /* Raleway-SemiBold.ttf in Resources */,
				17740FBE2989D31700965408 /* Raleway-Bold.ttf in Resources */,
				17740FB22989D12400965408 /* Assets.xcassets in Resources */,
			);
			runOnlyForDeploymentPostprocessing = 0;
		};
/* End PBXResourcesBuildPhase section */

/* Begin PBXSourcesBuildPhase section */
		17740FA62989D12300965408 /* Sources */ = {
			isa = PBXSourcesBuildPhase;
			buildActionMask = 2147483647;
			files = (
				17740FC72989E05900965408 /* LoginPage.swift in Sources */,
				17EDE875298B1E8B0078DAC6 /* CustomCorners.swift in Sources */,
				17740FCA2989E0C300965408 /* LoginPageModel.swift in Sources */,
				17740FB02989D12300965408 /* ContentView.swift in Sources */,
				17740FC52989D54600965408 /* OnBoardingPage.swift in Sources */,
				17740FAE2989D12300965408 /* EcommerceAppKitApp.swift in Sources */,
			);
			runOnlyForDeploymentPostprocessing = 0;
		};
/* End PBXSourcesBuildPhase section */

/* Begin XCBuildConfiguration section */
		17740FB62989D12400965408 /* Debug */ = {
			isa = XCBuildConfiguration;
			buildSettings = {
				ALWAYS_SEARCH_USER_PATHS = NO;
				CLANG_ANALYZER_NONNULL = YES;
				CLANG_ANALYZER_NUMBER_OBJECT_CONVERSION = YES_AGGRESSIVE;
				CLANG_CXX_LANGUAGE_STANDARD = "gnu++20";
				CLANG_ENABLE_MODULES = YES;
				CLANG_ENABLE_OBJC_ARC = YES;
				CLANG_ENABLE_OBJC_WEAK = YES;
				CLANG_WARN_BLOCK_CAPTURE_AUTORELEASING = YES;
				CLANG_WARN_BOOL_CONVERSION = YES;
				CLANG_WARN_COMMA = YES;
				CLANG_WARN_CONSTANT_CONVERSION = YES;
				CLANG_WARN_DEPRECATED_OBJC_IMPLEMENTATIONS = YES;
				CLANG_WARN_DIRECT_OBJC_ISA_USAGE = YES_ERROR;
				CLANG_WARN_DOCUMENTATION_COMMENTS = YES;
				CLANG_WARN_EMPTY_BODY = YES;
				CLANG_WARN_ENUM_CONVERSION = YES;
				CLANG_WARN_INFINITE_RECURSION = YES;
				CLANG_WARN_INT_CONVERSION = YES;
				CLANG_WARN_NON_LITERAL_NULL_CONVERSION = YES;
				CLANG_WARN_OBJC_IMPLICIT_RETAIN_SELF = YES;
				CLANG_WARN_OBJC_LITERAL_CONVERSION = YES;
				CLANG_WARN_OBJC_ROOT_CLASS = YES_ERROR;
				CLANG_WARN_QUOTED_INCLUDE_IN_FRAMEWORK_HEADER = YES;
				CLANG_WARN_RANGE_LOOP_ANALYSIS = YES;
				CLANG_WARN_STRICT_PROTOTYPES = YES;
				CLANG_WARN_SUSPICIOUS_MOVE = YES;
				CLANG_WARN_UNGUARDED_AVAILABILITY = YES_AGGRESSIVE;
				CLANG_WARN_UNREACHABLE_CODE = YES;
				CLANG_WARN__DUPLICATE_METHOD_MATCH = YES;
				COPY_PHASE_STRIP = NO;
				DEBUG_INFORMATION_FORMAT = dwarf;
				ENABLE_STRICT_OBJC_MSGSEND = YES;
				ENABLE_TESTABILITY = YES;
				GCC_C_LANGUAGE_STANDARD = gnu11;
				GCC_DYNAMIC_NO_PIC = NO;
				GCC_NO_COMMON_BLOCKS = YES;
				GCC_OPTIMIZATION_LEVEL = 0;
				GCC_PREPROCESSOR_DEFINITIONS = (
					"DEBUG=1",
					"$(inherited)",
				);
				GCC_WARN_64_TO_32_BIT_CONVERSION = YES;
				GCC_WARN_ABOUT_RETURN_TYPE = YES_ERROR;
				GCC_WARN_UNDECLARED_SELECTOR = YES;
				GCC_WARN_UNINITIALIZED_AUTOS = YES_AGGRESSIVE;
				GCC_WARN_UNUSED_FUNCTION = YES;
				GCC_WARN_UNUSED_VARIABLE = YES;
				IPHONEOS_DEPLOYMENT_TARGET = 16.2;
				MTL_ENABLE_DEBUG_INFO = INCLUDE_SOURCE;
				MTL_FAST_MATH = YES;
				ONLY_ACTIVE_ARCH = YES;
				SDKROOT = iphoneos;
				SWIFT_ACTIVE_COMPILATION_CONDITIONS = DEBUG;
				SWIFT_OPTIMIZATION_LEVEL = "-Onone";
			};
			name = Debug;
		};
		17740FB72989D12400965408 /* Release */ = {
			isa = XCBuildConfiguration;
			buildSettings = {
				ALWAYS_SEARCH_USER_PATHS = NO;
				CLANG_ANALYZER_NONNULL = YES;
				CLANG_ANALYZER_NUMBER_OBJECT_CONVERSION = YES_AGGRESSIVE;
				CLANG_CXX_LANGUAGE_STANDARD = "gnu++20";
				CLANG_ENABLE_MODULES = YES;
				CLANG_ENABLE_OBJC_ARC = YES;
				CLANG_ENABLE_OBJC_WEAK = YES;
				CLANG_WARN_BLOCK_CAPTURE_AUTORELEASING = YES;
				CLANG_WARN_BOOL_CONVERSION = YES;
				CLANG_WARN_COMMA = YES;
				CLANG_WARN_CONSTANT_CONVERSION = YES;
				CLANG_WARN_DEPRECATED_OBJC_IMPLEMENTATIONS = YES;
				CLANG_WARN_DIRECT_OBJC_ISA_USAGE = YES_ERROR;
				CLANG_WARN_DOCUMENTATION_COMMENTS = YES;
				CLANG_WARN_EMPTY_BODY = YES;
				CLANG_WARN_ENUM_CONVERSION = YES;
				CLANG_WARN_INFINITE_RECURSION = YES;
				CLANG_WARN_INT_CONVERSION = YES;
				CLANG_WARN_NON_LITERAL_NULL_CONVERSION = YES;
				CLANG_WARN_OBJC_IMPLICIT_RETAIN_SELF = YES;
				CLANG_WARN_OBJC_LITERAL_CONVERSION = YES;
				CLANG_WARN_OBJC_ROOT_CLASS = YES_ERROR;
				CLANG_WARN_QUOTED_INCLUDE_IN_FRAMEWORK_HEADER = YES;
				CLANG_WARN_RANGE_LOOP_ANALYSIS = YES;
				CLANG_WARN_STRICT_PROTOTYPES = YES;
				CLANG_WARN_SUSPICIOUS_MOVE = YES;
				CLANG_WARN_UNGUARDED_AVAILABILITY = YES_AGGRESSIVE;
				CLANG_WARN_UNREACHABLE_CODE = YES;
				CLANG_WARN__DUPLICATE_METHOD_MATCH = YES;
				COPY_PHASE_STRIP = NO;
				DEBUG_INFORMATION_FORMAT = "dwarf-with-dsym";
				ENABLE_NS_ASSERTIONS = NO;
				ENABLE_STRICT_OBJC_MSGSEND = YES;
				GCC_C_LANGUAGE_STANDARD = gnu11;
				GCC_NO_COMMON_BLOCKS = YES;
				GCC_WARN_64_TO_32_BIT_CONVERSION = YES;
				GCC_WARN_ABOUT_RETURN_TYPE = YES_ERROR;
				GCC_WARN_UNDECLARED_SELECTOR = YES;
				GCC_WARN_UNINITIALIZED_AUTOS = YES_AGGRESSIVE;
				GCC_WARN_UNUSED_FUNCTION = YES;
				GCC_WARN_UNUSED_VARIABLE = YES;
				IPHONEOS_DEPLOYMENT_TARGET = 16.2;
				MTL_ENABLE_DEBUG_INFO = NO;
				MTL_FAST_MATH = YES;
				SDKROOT = iphoneos;
				SWIFT_COMPILATION_MODE = wholemodule;
				SWIFT_OPTIMIZATION_LEVEL = "-O";
				VALIDATE_PRODUCT = YES;
			};
			name = Release;
		};
		17740FB92989D12400965408 /* Debug */ = {
			isa = XCBuildConfiguration;
			buildSettings = {
				ASSETCATALOG_COMPILER_APPICON_NAME = AppIcon;
				ASSETCATALOG_COMPILER_GLOBAL_ACCENT_COLOR_NAME = AccentColor;
				CODE_SIGN_STYLE = Automatic;
				CURRENT_PROJECT_VERSION = 1;
				DEVELOPMENT_ASSET_PATHS = "\"EcommerceAppKit/Preview Content\"";
				ENABLE_PREVIEWS = YES;
				GENERATE_INFOPLIST_FILE = YES;
				INFOPLIST_FILE = EcommerceAppKit/Info.plist;
				INFOPLIST_KEY_UIApplicationSceneManifest_Generation = YES;
				INFOPLIST_KEY_UIApplicationSupportsIndirectInputEvents = YES;
				INFOPLIST_KEY_UILaunchScreen_Generation = YES;
				INFOPLIST_KEY_UISupportedInterfaceOrientations_iPad = "UIInterfaceOrientationPortrait UIInterfaceOrientationPortraitUpsideDown UIInterfaceOrientationLandscapeLeft UIInterfaceOrientationLandscapeRight";
				INFOPLIST_KEY_UISupportedInterfaceOrientations_iPhone = "UIInterfaceOrientationPortrait UIInterfaceOrientationLandscapeLeft UIInterfaceOrientationLandscapeRight";
				LD_RUNPATH_SEARCH_PATHS = (
					"$(inherited)",
					"@executable_path/Frameworks",
				);
				MARKETING_VERSION = 1.0;
				PRODUCT_BUNDLE_IDENTIFIER = EcommerceAppKit.EcommerceAppKit;
				PRODUCT_NAME = "$(TARGET_NAME)";
				SWIFT_EMIT_LOC_STRINGS = YES;
				SWIFT_VERSION = 5.0;
				TARGETED_DEVICE_FAMILY = "1,2";
			};
			name = Debug;
		};
		17740FBA2989D12400965408 /* Release */ = {
			isa = XCBuildConfiguration;
			buildSettings = {
				ASSETCATALOG_COMPILER_APPICON_NAME = AppIcon;
				ASSETCATALOG_COMPILER_GLOBAL_ACCENT_COLOR_NAME = AccentColor;
				CODE_SIGN_STYLE = Automatic;
				CURRENT_PROJECT_VERSION = 1;
				DEVELOPMENT_ASSET_PATHS = "\"EcommerceAppKit/Preview Content\"";
				ENABLE_PREVIEWS = YES;
				GENERATE_INFOPLIST_FILE = YES;
				INFOPLIST_FILE = EcommerceAppKit/Info.plist;
				INFOPLIST_KEY_UIApplicationSceneManifest_Generation = YES;
				INFOPLIST_KEY_UIApplicationSupportsIndirectInputEvents = YES;
				INFOPLIST_KEY_UILaunchScreen_Generation = YES;
				INFOPLIST_KEY_UISupportedInterfaceOrientations_iPad = "UIInterfaceOrientationPortrait UIInterfaceOrientationPortraitUpsideDown UIInterfaceOrientationLandscapeLeft UIInterfaceOrientationLandscapeRight";
				INFOPLIST_KEY_UISupportedInterfaceOrientations_iPhone = "UIInterfaceOrientationPortrait UIInterfaceOrientationLandscapeLeft UIInterfaceOrientationLandscapeRight";
				LD_RUNPATH_SEARCH_PATHS = (
					"$(inherited)",
					"@executable_path/Frameworks",
				);
				MARKETING_VERSION = 1.0;
				PRODUCT_BUNDLE_IDENTIFIER = EcommerceAppKit.EcommerceAppKit;
				PRODUCT_NAME = "$(TARGET_NAME)";
				SWIFT_EMIT_LOC_STRINGS = YES;
				SWIFT_VERSION = 5.0;
				TARGETED_DEVICE_FAMILY = "1,2";
			};
			name = Release;
		};
/* End XCBuildConfiguration section */

/* Begin XCConfigurationList section */
		17740FA52989D12300965408 /* Build configuration list for PBXProject "EcommerceAppKit" */ = {
			isa = XCConfigurationList;
			buildConfigurations = (
				17740FB62989D12400965408 /* Debug */,
				17740FB72989D12400965408 /* Release */,
			);
			defaultConfigurationIsVisible = 0;
			defaultConfigurationName = Release;
		};
		17740FB82989D12400965408 /* Build configuration list for PBXNativeTarget "EcommerceAppKit" */ = {
			isa = XCConfigurationList;
			buildConfigurations = (
				17740FB92989D12400965408 /* Debug */,
				17740FBA2989D12400965408 /* Release */,
			);
			defaultConfigurationIsVisible = 0;
			defaultConfigurationName = Release;
		};
/* End XCConfigurationList section */
	};
	rootObject = 17740FA22989D12300965408 /* Project object */;
}
